
Microsoft Visual Studio Solution File, Format Version 12.00
# Visual Studio 14
VisualStudioVersion = 14.0.25123.0
MinimumVisualStudioVersion = 10.0.40219.1
Project("{FAE04EC0-301F-11D3-BF4B-00C04F79EFBC}") = "JoHTMLParser", "JoHTMLParser\JoHTMLParser.csproj", "{E3C7B167-0F98-45EF-B125-6A3ACB3B88B7}"
EndProject
Project("{FAE04EC0-301F-11D3-BF4B-00C04F79EFBC}") = "Test", "Test\Test.csproj", "{9B95EA0F-5225-4083-ABB6-2CC321C443CA}"
EndProject
Global
	GlobalSection(SolutionConfigurationPlatforms) = preSolution
		Debug|Any CPU = Debug|Any CPU
		Release|Any CPU = Release|Any CPU
	EndGlobalSection
	GlobalSection(ProjectConfigurationPlatforms) = postSolution
		{E3C7B167-0F98-45EF-B125-6A3ACB3B88B7}.Debug|Any CPU.ActiveCfg = Debug|Any CPU
		{E3C7B167-0F98-45EF-B125-6A3ACB3B88B7}.Debug|Any CPU.Build.0 = Debug|Any CPU
		{E3C7B167-0F98-45EF-B125-6A3ACB3B88B7}.Release|Any CPU.ActiveCfg = Release|Any CPU
		{E3C7B167-0F98-45EF-B125-6A3ACB3B88B7}.Release|Any CPU.Build.0 = Release|Any CPU
		{9B95EA0F-5225-4083-ABB6-2CC321C443CA}.Debug|Any CPU.ActiveCfg = Debug|Any CPU
		{9B95EA0F-5225-4083-ABB6-2CC321C443CA}.Debug|Any CPU.Build.0 = Debug|Any CPU
		{9B95EA0F-5225-4083-ABB6-2CC321C443CA}.Release|Any CPU.ActiveCfg = Release|Any CPU
		{9B95EA0F-5225-4083-ABB6-2CC321C443CA}.Release|Any CPU.Build.0 = Release|Any CPU
	EndGlobalSection
	GlobalSection(SolutionProperties) = preSolution
		HideSolutionNode = FALSE
	EndGlobalSection
EndGlobal
